
Microsoft Visual Studio Solution File, Format Version 12.00
# Visual Studio Version 17
VisualStudioVersion = 17.2.32616.157
MinimumVisualStudioVersion = 10.0.40219.1
Project("{FAE04EC0-301F-11D3-BF4B-00C04F79EFBC}") = "uri1003", "uri1003\uri1003.csproj", "{48251766-2887-4FA2-8BAF-B530BAF4D473}"
EndProject
Global
	GlobalSection(SolutionConfigurationPlatforms) = preSolution
		Debug|Any CPU = Debug|Any CPU
		Release|Any CPU = Release|Any CPU
	EndGlobalSection
	GlobalSection(ProjectConfigurationPlatforms) = postSolution
		{48251766-2887-4FA2-8BAF-B530BAF4D473}.Debug|Any CPU.ActiveCfg = Debug|Any CPU
		{48251766-2887-4FA2-8BAF-B530BAF4D473}.Debug|Any CPU.Build.0 = Debug|Any CPU
		{48251766-2887-4FA2-8BAF-B530BAF4D473}.Release|Any CPU.ActiveCfg = Release|Any CPU
		{48251766-2887-4FA2-8BAF-B530BAF4D473}.Release|Any CPU.Build.0 = Release|Any CPU
	EndGlobalSection
	GlobalSection(SolutionProperties) = preSolution
		HideSolutionNode = FALSE
	EndGlobalSection
	GlobalSection(ExtensibilityGlobals) = postSolution
		SolutionGuid = {5B4BE3D2-B492-4B76-A014-35E3D4F0A7F0}
	EndGlobalSection
EndGlobal
