
Microsoft Visual Studio Solution File, Format Version 12.00
# Visual Studio Version 17
VisualStudioVersion = 17.2.32616.157
MinimumVisualStudioVersion = 10.0.40219.1
Project("{FAE04EC0-301F-11D3-BF4B-00C04F79EFBC}") = "uri1035", "uri1035\uri1035.csproj", "{AF41A8DA-5344-4DDD-80F1-A28534E52B85}"
EndProject
Global
	GlobalSection(SolutionConfigurationPlatforms) = preSolution
		Debug|Any CPU = Debug|Any CPU
		Release|Any CPU = Release|Any CPU
	EndGlobalSection
	GlobalSection(ProjectConfigurationPlatforms) = postSolution
		{AF41A8DA-5344-4DDD-80F1-A28534E52B85}.Debug|Any CPU.ActiveCfg = Debug|Any CPU
		{AF41A8DA-5344-4DDD-80F1-A28534E52B85}.Debug|Any CPU.Build.0 = Debug|Any CPU
		{AF41A8DA-5344-4DDD-80F1-A28534E52B85}.Release|Any CPU.ActiveCfg = Release|Any CPU
		{AF41A8DA-5344-4DDD-80F1-A28534E52B85}.Release|Any CPU.Build.0 = Release|Any CPU
	EndGlobalSection
	GlobalSection(SolutionProperties) = preSolution
		HideSolutionNode = FALSE
	EndGlobalSection
	GlobalSection(ExtensibilityGlobals) = postSolution
		SolutionGuid = {571F5041-92A0-410C-87C2-635F165E8E32}
	EndGlobalSection
EndGlobal
