
Microsoft Visual Studio Solution File, Format Version 12.00
# Visual Studio Version 17
VisualStudioVersion = 17.2.32616.157
MinimumVisualStudioVersion = 10.0.40219.1
Project("{FAE04EC0-301F-11D3-BF4B-00C04F79EFBC}") = "uri1019", "uri1019\uri1019.csproj", "{23E138BB-77A3-41C6-A528-1ED63627FBFE}"
EndProject
Global
	GlobalSection(SolutionConfigurationPlatforms) = preSolution
		Debug|Any CPU = Debug|Any CPU
		Release|Any CPU = Release|Any CPU
	EndGlobalSection
	GlobalSection(ProjectConfigurationPlatforms) = postSolution
		{23E138BB-77A3-41C6-A528-1ED63627FBFE}.Debug|Any CPU.ActiveCfg = Debug|Any CPU
		{23E138BB-77A3-41C6-A528-1ED63627FBFE}.Debug|Any CPU.Build.0 = Debug|Any CPU
		{23E138BB-77A3-41C6-A528-1ED63627FBFE}.Release|Any CPU.ActiveCfg = Release|Any CPU
		{23E138BB-77A3-41C6-A528-1ED63627FBFE}.Release|Any CPU.Build.0 = Release|Any CPU
	EndGlobalSection
	GlobalSection(SolutionProperties) = preSolution
		HideSolutionNode = FALSE
	EndGlobalSection
	GlobalSection(ExtensibilityGlobals) = postSolution
		SolutionGuid = {6D793F41-1ED6-4F2D-A33D-B81B583E4D2E}
	EndGlobalSection
EndGlobal
