
Microsoft Visual Studio Solution File, Format Version 12.00
# Visual Studio Version 17
VisualStudioVersion = 17.2.32616.157
MinimumVisualStudioVersion = 10.0.40219.1
Project("{FAE04EC0-301F-11D3-BF4B-00C04F79EFBC}") = "uri1015", "uri1015\uri1015.csproj", "{EF65B594-9913-4A06-93B6-8E7446CFD5DB}"
EndProject
Global
	GlobalSection(SolutionConfigurationPlatforms) = preSolution
		Debug|Any CPU = Debug|Any CPU
		Release|Any CPU = Release|Any CPU
	EndGlobalSection
	GlobalSection(ProjectConfigurationPlatforms) = postSolution
		{EF65B594-9913-4A06-93B6-8E7446CFD5DB}.Debug|Any CPU.ActiveCfg = Debug|Any CPU
		{EF65B594-9913-4A06-93B6-8E7446CFD5DB}.Debug|Any CPU.Build.0 = Debug|Any CPU
		{EF65B594-9913-4A06-93B6-8E7446CFD5DB}.Release|Any CPU.ActiveCfg = Release|Any CPU
		{EF65B594-9913-4A06-93B6-8E7446CFD5DB}.Release|Any CPU.Build.0 = Release|Any CPU
	EndGlobalSection
	GlobalSection(SolutionProperties) = preSolution
		HideSolutionNode = FALSE
	EndGlobalSection
	GlobalSection(ExtensibilityGlobals) = postSolution
		SolutionGuid = {4A009914-B83E-45D8-90A5-192A04571069}
	EndGlobalSection
EndGlobal
