
Microsoft Visual Studio Solution File, Format Version 12.00
# Visual Studio Version 17
VisualStudioVersion = 17.2.32616.157
MinimumVisualStudioVersion = 10.0.40219.1
Project("{FAE04EC0-301F-11D3-BF4B-00C04F79EFBC}") = "uri1014", "uri1014\uri1014.csproj", "{D271FCCD-CD4E-4638-8F81-CB96912A7905}"
EndProject
Global
	GlobalSection(SolutionConfigurationPlatforms) = preSolution
		Debug|Any CPU = Debug|Any CPU
		Release|Any CPU = Release|Any CPU
	EndGlobalSection
	GlobalSection(ProjectConfigurationPlatforms) = postSolution
		{D271FCCD-CD4E-4638-8F81-CB96912A7905}.Debug|Any CPU.ActiveCfg = Debug|Any CPU
		{D271FCCD-CD4E-4638-8F81-CB96912A7905}.Debug|Any CPU.Build.0 = Debug|Any CPU
		{D271FCCD-CD4E-4638-8F81-CB96912A7905}.Release|Any CPU.ActiveCfg = Release|Any CPU
		{D271FCCD-CD4E-4638-8F81-CB96912A7905}.Release|Any CPU.Build.0 = Release|Any CPU
	EndGlobalSection
	GlobalSection(SolutionProperties) = preSolution
		HideSolutionNode = FALSE
	EndGlobalSection
	GlobalSection(ExtensibilityGlobals) = postSolution
		SolutionGuid = {FB2DD794-57D9-4487-9C0F-134E7875361E}
	EndGlobalSection
EndGlobal
